
Microsoft Visual Studio Solution File, Format Version 12.00
# Visual Studio 15
VisualStudioVersion = 15.0.27130.2020
MinimumVisualStudioVersion = 10.0.40219.1
Project("{FAE04EC0-301F-11D3-BF4B-00C04F79EFBC}") = "Lazy", "Lazy\Lazy.csproj", "{AA39F973-0108-4DD5-BCFA-60606F7F2B0C}"
EndProject
Global
	GlobalSection(SolutionConfigurationPlatforms) = preSolution
		Debug|Any CPU = Debug|Any CPU
		Release|Any CPU = Release|Any CPU
	EndGlobalSection
	GlobalSection(ProjectConfigurationPlatforms) = postSolution
		{AA39F973-0108-4DD5-BCFA-60606F7F2B0C}.Debug|Any CPU.ActiveCfg = Debug|Any CPU
		{AA39F973-0108-4DD5-BCFA-60606F7F2B0C}.Debug|Any CPU.Build.0 = Debug|Any CPU
		{AA39F973-0108-4DD5-BCFA-60606F7F2B0C}.Release|Any CPU.ActiveCfg = Release|Any CPU
		{AA39F973-0108-4DD5-BCFA-60606F7F2B0C}.Release|Any CPU.Build.0 = Release|Any CPU
	EndGlobalSection
	GlobalSection(SolutionProperties) = preSolution
		HideSolutionNode = FALSE
	EndGlobalSection
	GlobalSection(ExtensibilityGlobals) = postSolution
		SolutionGuid = {8EC1167A-DBF9-4599-83A0-F1D8DC3FC979}
	EndGlobalSection
EndGlobal
