
Microsoft Visual Studio Solution File, Format Version 12.00
# Visual Studio 15
VisualStudioVersion = 15.0.27130.2024
MinimumVisualStudioVersion = 10.0.40219.1
Project("{FAE04EC0-301F-11D3-BF4B-00C04F79EFBC}") = "Lazy2", "Lazy2\Lazy2.csproj", "{00D39AA6-FC13-488B-B17F-98FFB03B3B67}"
EndProject
Global
	GlobalSection(SolutionConfigurationPlatforms) = preSolution
		Debug|Any CPU = Debug|Any CPU
		Release|Any CPU = Release|Any CPU
	EndGlobalSection
	GlobalSection(ProjectConfigurationPlatforms) = postSolution
		{00D39AA6-FC13-488B-B17F-98FFB03B3B67}.Debug|Any CPU.ActiveCfg = Debug|Any CPU
		{00D39AA6-FC13-488B-B17F-98FFB03B3B67}.Debug|Any CPU.Build.0 = Debug|Any CPU
		{00D39AA6-FC13-488B-B17F-98FFB03B3B67}.Release|Any CPU.ActiveCfg = Release|Any CPU
		{00D39AA6-FC13-488B-B17F-98FFB03B3B67}.Release|Any CPU.Build.0 = Release|Any CPU
	EndGlobalSection
	GlobalSection(SolutionProperties) = preSolution
		HideSolutionNode = FALSE
	EndGlobalSection
	GlobalSection(ExtensibilityGlobals) = postSolution
		SolutionGuid = {EBD34ED2-E192-4C01-8A2D-89E58B107889}
	EndGlobalSection
EndGlobal
