
Microsoft Visual Studio Solution File, Format Version 12.00
# Visual Studio 15
VisualStudioVersion = 15.0.27130.2026
MinimumVisualStudioVersion = 10.0.40219.1
Project("{FAE04EC0-301F-11D3-BF4B-00C04F79EFBC}") = "Adapter", "Adapter\Adapter.csproj", "{F1CD417D-379D-4EAC-908A-F2B1632D26DB}"
EndProject
Global
	GlobalSection(SolutionConfigurationPlatforms) = preSolution
		Debug|Any CPU = Debug|Any CPU
		Release|Any CPU = Release|Any CPU
	EndGlobalSection
	GlobalSection(ProjectConfigurationPlatforms) = postSolution
		{F1CD417D-379D-4EAC-908A-F2B1632D26DB}.Debug|Any CPU.ActiveCfg = Debug|Any CPU
		{F1CD417D-379D-4EAC-908A-F2B1632D26DB}.Debug|Any CPU.Build.0 = Debug|Any CPU
		{F1CD417D-379D-4EAC-908A-F2B1632D26DB}.Release|Any CPU.ActiveCfg = Release|Any CPU
		{F1CD417D-379D-4EAC-908A-F2B1632D26DB}.Release|Any CPU.Build.0 = Release|Any CPU
	EndGlobalSection
	GlobalSection(SolutionProperties) = preSolution
		HideSolutionNode = FALSE
	EndGlobalSection
	GlobalSection(ExtensibilityGlobals) = postSolution
		SolutionGuid = {C3D7641E-188D-47B5-8CAC-AD75C7A5EDEB}
	EndGlobalSection
EndGlobal
